
Microsoft Visual Studio Solution File, Format Version 12.00
# Visual Studio Version 17
VisualStudioVersion = 17.9.34723.18
MinimumVisualStudioVersion = 10.0.40219.1
Project("{8BC9CEB8-8B4A-11D0-8D11-00A0C91BC942}") = "Maga_PictureRestoration", "Maga_PictureRestoration\Maga_PictureRestoration.vcxproj", "{AFC2670E-B83D-44D4-AA8B-B8FCACD5CE3F}"
EndProject
Global
	GlobalSection(SolutionConfigurationPlatforms) = preSolution
		Debug|x64 = Debug|x64
		Debug|x86 = Debug|x86
		Release|x64 = Release|x64
		Release|x86 = Release|x86
	EndGlobalSection
	GlobalSection(ProjectConfigurationPlatforms) = postSolution
		{AFC2670E-B83D-44D4-AA8B-B8FCACD5CE3F}.Debug|x64.ActiveCfg = Debug|x64
		{AFC2670E-B83D-44D4-AA8B-B8FCACD5CE3F}.Debug|x64.Build.0 = Debug|x64
		{AFC2670E-B83D-44D4-AA8B-B8FCACD5CE3F}.Debug|x86.ActiveCfg = Debug|Win32
		{AFC2670E-B83D-44D4-AA8B-B8FCACD5CE3F}.Debug|x86.Build.0 = Debug|Win32
		{AFC2670E-B83D-44D4-AA8B-B8FCACD5CE3F}.Release|x64.ActiveCfg = Release|x64
		{AFC2670E-B83D-44D4-AA8B-B8FCACD5CE3F}.Release|x64.Build.0 = Release|x64
		{AFC2670E-B83D-44D4-AA8B-B8FCACD5CE3F}.Release|x86.ActiveCfg = Release|Win32
		{AFC2670E-B83D-44D4-AA8B-B8FCACD5CE3F}.Release|x86.Build.0 = Release|Win32
	EndGlobalSection
	GlobalSection(SolutionProperties) = preSolution
		HideSolutionNode = FALSE
	EndGlobalSection
	GlobalSection(ExtensibilityGlobals) = postSolution
		SolutionGuid = {FAA7EB36-9B10-4451-8E1F-758A9C65A64A}
	EndGlobalSection
EndGlobal
